
Microsoft Visual Studio Solution File, Format Version 12.00
# Visual Studio Version 16
VisualStudioVersion = 16.0.30804.86
MinimumVisualStudioVersion = 10.0.40219.1
Project("{9A19103F-16F7-4668-BE54-9A1E7A4F7556}") = "WebAPI", "WebAPI\WebAPI.csproj", "{50354A55-C8C6-40FB-BA76-BF8CF3736CB1}"
EndProject
Project("{FAE04EC0-301F-11D3-BF4B-00C04F79EFBC}") = "InMemoryDataBase", "InMemoryDataBase\InMemoryDataBase.csproj", "{8C49C657-4CB4-41E8-B976-4637E02AA47B}"
EndProject
Global
	GlobalSection(SolutionConfigurationPlatforms) = preSolution
		Debug|Any CPU = Debug|Any CPU
		Release|Any CPU = Release|Any CPU
	EndGlobalSection
	GlobalSection(ProjectConfigurationPlatforms) = postSolution
		{50354A55-C8C6-40FB-BA76-BF8CF3736CB1}.Debug|Any CPU.ActiveCfg = Debug|Any CPU
		{50354A55-C8C6-40FB-BA76-BF8CF3736CB1}.Debug|Any CPU.Build.0 = Debug|Any CPU
		{50354A55-C8C6-40FB-BA76-BF8CF3736CB1}.Release|Any CPU.ActiveCfg = Release|Any CPU
		{50354A55-C8C6-40FB-BA76-BF8CF3736CB1}.Release|Any CPU.Build.0 = Release|Any CPU
		{8C49C657-4CB4-41E8-B976-4637E02AA47B}.Debug|Any CPU.ActiveCfg = Debug|Any CPU
		{8C49C657-4CB4-41E8-B976-4637E02AA47B}.Debug|Any CPU.Build.0 = Debug|Any CPU
		{8C49C657-4CB4-41E8-B976-4637E02AA47B}.Release|Any CPU.ActiveCfg = Release|Any CPU
		{8C49C657-4CB4-41E8-B976-4637E02AA47B}.Release|Any CPU.Build.0 = Release|Any CPU
	EndGlobalSection
	GlobalSection(SolutionProperties) = preSolution
		HideSolutionNode = FALSE
	EndGlobalSection
	GlobalSection(ExtensibilityGlobals) = postSolution
		SolutionGuid = {FBC0F720-7E5F-418E-ABF2-96D7DB9E7BFF}
	EndGlobalSection
EndGlobal
